{
  "name": "Windy10v10AI",
  "lockfileVersion": 2,
  "requires": true,
  "packages": {
    "": {
      "devDependencies": {
        "panorama-types": "^1.6.1",
        "typescript": "^4.5.5"
      }
    },
    "node_modules/panorama-types": {
      "version": "1.6.1",
      "resolved": "https://registry.npmjs.org/panorama-types/-/panorama-types-1.6.1.tgz",
      "integrity": "sha512-u9lWsDDu3CswlkBlwrVf/sWiFSwN9atl5A7O6oQMQrbCFsgqh++1joCstwfRbQUw/8rsmENNtOASPoqJEa03Ww==",
      "dev": true,
      "dependencies": {
        "tslib": "^2.0.0"
      },
      "peerDependencies": {
        "typescript": "^3.0.0"
      }
    },
    "node_modules/tslib": {
      "version": "2.3.1",
      "resolved": "https://registry.npmjs.org/tslib/-/tslib-2.3.1.tgz",
      "integrity": "sha512-77EbyPPpMz+FRFRuAFlWMtmgUWGe9UOG2Z25NqCwiIjRhOf5iKGuzSe5P2w1laq+FkRy4p+PCuVkJSGkzTEKVw==",
      "dev": true
    },
    "node_modules/typescript": {
      "version": "4.5.5",
      "resolved": "https://registry.npmjs.org/typescript/-/typescript-4.5.5.tgz",
      "integrity": "sha512-TCTIul70LyWe6IJWT8QSYeA54WQe8EjQFU4wY52Fasj5UKx88LNYKCgBEHcOMOrFF1rKGbD8v/xcNWVUq9SymA==",
      "dev": true,
      "bin": {
        "tsc": "bin/tsc",
        "tsserver": "bin/tsserver"
      },
      "engines": {
        "node": ">=4.2.0"
      }
    }
  },
  "dependencies": {
    "panorama-types": {
      "version": "1.6.1",
      "resolved": "https://registry.npmjs.org/panorama-types/-/panorama-types-1.6.1.tgz",
      "integrity": "sha512-u9lWsDDu3CswlkBlwrVf/sWiFSwN9atl5A7O6oQMQrbCFsgqh++1joCstwfRbQUw/8rsmENNtOASPoqJEa03Ww==",
      "dev": true,
      "requires": {
        "tslib": "^2.0.0"
      }
    },
    "tslib": {
      "version": "2.3.1",
      "resolved": "https://registry.npmjs.org/tslib/-/tslib-2.3.1.tgz",
      "integrity": "sha512-77EbyPPpMz+FRFRuAFlWMtmgUWGe9UOG2Z25NqCwiIjRhOf5iKGuzSe5P2w1laq+FkRy4p+PCuVkJSGkzTEKVw==",
      "dev": true
    },
    "typescript": {
      "version": "4.5.5",
      "resolved": "https://registry.npmjs.org/typescript/-/typescript-4.5.5.tgz",
      "integrity": "sha512-TCTIul70LyWe6IJWT8QSYeA54WQe8EjQFU4wY52Fasj5UKx88LNYKCgBEHcOMOrFF1rKGbD8v/xcNWVUq9SymA==",
      "dev": true
    }
  }
}
